
Microsoft Visual Studio Solution File, Format Version 12.00
# Visual Studio Version 17
VisualStudioVersion = 17.0.31903.59
MinimumVisualStudioVersion = 10.0.40219.1
Project("{2150E333-8FDC-42A3-9474-1A3956D46DE8}") = "Services", "Services", "{95EC2367-B1A1-40F3-ACDE-F0207ACA5C36}"
EndProject
Project("{2150E333-8FDC-42A3-9474-1A3956D46DE8}") = "Auth", "Auth", "{EE40EF95-6845-40C0-B685-7644A02AD8CE}"
EndProject
Project("{2150E333-8FDC-42A3-9474-1A3956D46DE8}") = "UserManagement", "UserManagement", "{E6F90F36-E6CA-4757-8B90-79E78DA458F7}"
EndProject
Project("{2150E333-8FDC-42A3-9474-1A3956D46DE8}") = "Communication", "Communication", "{EE480569-01FB-475B-A9CD-830C299B8536}"
EndProject
Project("{2150E333-8FDC-42A3-9474-1A3956D46DE8}") = "Operation", "Operation", "{F382E1F6-F2A7-4712-AF9F-B1CAA10F806A}"
EndProject
Project("{2150E333-8FDC-42A3-9474-1A3956D46DE8}") = "Monetization", "Monetization", "{5BBE97C7-2B9F-4F19-8DE0-3AFA34F39D16}"
EndProject
Project("{9A19103F-16F7-4668-BE54-9A1E7A4F7556}") = "Auth.API", "Auth.API\Auth.API.csproj", "{37801932-CF4F-4F5C-9BD8-8A2D8933087D}"
EndProject
Project("{E53339B2-1760-4266-BCC7-CA923CBCF16C}") = "docker-compose", "docker-compose.dcproj", "{AA4A1A88-069C-42D6-9031-10824EF86E70}"
EndProject
Project("{9A19103F-16F7-4668-BE54-9A1E7A4F7556}") = "Auth.Application", "Auth.Application\Auth.Application.csproj", "{49D5B893-DAEF-474F-9543-C74F09E2F97D}"
EndProject
Project("{9A19103F-16F7-4668-BE54-9A1E7A4F7556}") = "Auth.Infrastructure", "Auth.Persistence\Auth.Infrastructure.csproj", "{8A811FD6-E60A-41F6-93DC-7E4306AD4465}"
EndProject
Project("{9A19103F-16F7-4668-BE54-9A1E7A4F7556}") = "Auth.Domain", "Auth.Domain\Auth.Domain.csproj", "{ECFC29AA-76CE-4D37-9D14-D5633EBB5372}"
EndProject
Project("{9A19103F-16F7-4668-BE54-9A1E7A4F7556}") = "Communication.API", "Communication.API\Communication.API.csproj", "{6BE2B5A2-419E-487C-BC19-89849F860329}"
EndProject
Project("{9A19103F-16F7-4668-BE54-9A1E7A4F7556}") = "Communication.Domain", "Communication.Domain\Communication.Domain.csproj", "{EAE59CD4-CA40-4949-9EF5-4AF71286E2A8}"
EndProject
Project("{9A19103F-16F7-4668-BE54-9A1E7A4F7556}") = "Communication.Application", "Communication.Application\Communication.Application.csproj", "{7076DA0E-EF84-47E2-B6DA-27228426747E}"
EndProject
Project("{9A19103F-16F7-4668-BE54-9A1E7A4F7556}") = "Communication.Infrastructure", "Communication.Persistence\Communication.Infrastructure.csproj", "{464A3F16-85E4-4DBE-AA7E-02EE0D056E3B}"
EndProject
Project("{9A19103F-16F7-4668-BE54-9A1E7A4F7556}") = "Auth.Tests", "Auth.Tests\Auth.Tests.csproj", "{E6079D57-A857-4BF3-99F0-D6378B924838}"
EndProject
Project("{9A19103F-16F7-4668-BE54-9A1E7A4F7556}") = "Operation.API", "Operation.API\Operation.API.csproj", "{843B8C02-CCB1-4B8F-BEFB-6D968E5497B6}"
EndProject
Project("{9A19103F-16F7-4668-BE54-9A1E7A4F7556}") = "Operation.Domain", "Operation.Domain\Operation.Domain.csproj", "{9B46AAE7-5E8A-4579-837E-618D59467CCD}"
EndProject
Project("{9A19103F-16F7-4668-BE54-9A1E7A4F7556}") = "Operation.Application", "Operation.Application\Operation.Application.csproj", "{86F0A28C-E0A9-47B3-9133-B57E800928CB}"
EndProject
Project("{9A19103F-16F7-4668-BE54-9A1E7A4F7556}") = "Operation.Instrastructure", "Operation.Instrastructure\Operation.Instrastructure.csproj", "{D56B35FE-2558-4760-9B6B-587E6C2E77DC}"
EndProject
Project("{9A19103F-16F7-4668-BE54-9A1E7A4F7556}") = "Monetization.API", "Monetization.API\Monetization.API.csproj", "{4E630962-7FA2-4E82-9644-AF1E684977A6}"
EndProject
Project("{9A19103F-16F7-4668-BE54-9A1E7A4F7556}") = "Monetization.Domain", "Monetization.Domain\Monetization.Domain.csproj", "{B9EA2D10-6444-43E0-A5AD-EB9DB8DAC94B}"
EndProject
Project("{9A19103F-16F7-4668-BE54-9A1E7A4F7556}") = "Monetization.Application", "Monetization.Application\Monetization.Application.csproj", "{375028B3-AD93-4568-AFC2-E84516B800D0}"
EndProject
Project("{9A19103F-16F7-4668-BE54-9A1E7A4F7556}") = "Monetization.Infrastructure", "Monetization.Infrastructure\Monetization.Infrastructure.csproj", "{621578BC-D177-4E39-8BA8-6E39BB7ADEB1}"
EndProject
Project("{9A19103F-16F7-4668-BE54-9A1E7A4F7556}") = "UserManagement.API", "UserManagment.API\UserManagement.API.csproj", "{E83992DB-2260-4B8A-8B6D-59952C6D49DB}"
EndProject
Project("{9A19103F-16F7-4668-BE54-9A1E7A4F7556}") = "UserManagement.Domain", "UserManagment.Domain\UserManagement.Domain.csproj", "{C90198D5-CD47-4308-BDBB-F08A8A33C252}"
EndProject
Project("{9A19103F-16F7-4668-BE54-9A1E7A4F7556}") = "UserManagement.Insfrastructure", "UserManagment.Insfrastructure\UserManagement.Insfrastructure.csproj", "{6D464A68-D504-414C-89FF-7196069B8644}"
EndProject
Project("{9A19103F-16F7-4668-BE54-9A1E7A4F7556}") = "UserManagement.Application", "UserManagment.Application\UserManagement.Application.csproj", "{6104AAC7-9D47-4DFD-9850-627054F2AE29}"
EndProject
Project("{9A19103F-16F7-4668-BE54-9A1E7A4F7556}") = "Communication.Tests", "Communication.Tests\Communication.Tests.csproj", "{7C708A2B-F1EA-42AB-A6F2-79DD9038996A}"
EndProject
Project("{9A19103F-16F7-4668-BE54-9A1E7A4F7556}") = "Monetization.Tests", "Monetization.Tests\Monetization.Tests.csproj", "{ADC9DA4B-5F49-4306-96A0-BDD5ACFC3AD4}"
EndProject
Project("{9A19103F-16F7-4668-BE54-9A1E7A4F7556}") = "Operation.Tests", "Operation.Tests\Operation.Tests.csproj", "{96655D20-AC65-4362-BA37-D6610FB6F229}"
EndProject
Project("{9A19103F-16F7-4668-BE54-9A1E7A4F7556}") = "UserManagement.Tests", "UserManagment.Tests\UserManagement.Tests.csproj", "{A422689C-B8E5-4097-94CF-5ABB30D2BBDD}"
EndProject
Project("{2150E333-8FDC-42A3-9474-1A3956D46DE8}") = "Shared", "Shared", "{CCCC0EC7-1934-4764-94AE-EC77AD55E2C5}"
EndProject
Project("{9A19103F-16F7-4668-BE54-9A1E7A4F7556}") = "ServiceBus", "ServiceBus\ServiceBus.csproj", "{B6D24B5C-61CA-4A3D-8CEF-DF66697106A3}"
EndProject
Project("{9A19103F-16F7-4668-BE54-9A1E7A4F7556}") = "Caching", "Caching\Caching.csproj", "{2F6E1230-3203-424C-B4AF-C294E57E2000}"
EndProject
Project("{2150E333-8FDC-42A3-9474-1A3956D46DE8}") = "Notification", "Notification", "{BD193FB4-CF35-4B96-80F7-95C01737CB5D}"
EndProject
Project("{9A19103F-16F7-4668-BE54-9A1E7A4F7556}") = "Notification.API", "Notification.API\Notification.API.csproj", "{FD9B11FE-EFE0-457C-ADCC-C21BF41B5699}"
EndProject
Project("{9A19103F-16F7-4668-BE54-9A1E7A4F7556}") = "Notification.Application", "Notification.Application\Notification.Application.csproj", "{E9DDA36E-EBD7-4F17-8DA9-83A40E68A4D4}"
EndProject
Project("{9A19103F-16F7-4668-BE54-9A1E7A4F7556}") = "Notification.Domain", "Notification.Domain\Notification.Domain.csproj", "{6195BA79-0F32-4A15-B429-29D392EE413D}"
EndProject
Project("{9A19103F-16F7-4668-BE54-9A1E7A4F7556}") = "Notification.Infrastructure", "Notification.Infrastructure\Notification.Infrastructure.csproj", "{105FFEA7-68CB-4605-9FA2-8A22F932F95C}"
EndProject
Project("{9A19103F-16F7-4668-BE54-9A1E7A4F7556}") = "Core", "Core\Core.csproj", "{326A8B47-CD71-4085-B556-0699FCC051B5}"
EndProject
Project("{9A19103F-16F7-4668-BE54-9A1E7A4F7556}") = "Repository", "Repository\Repository.csproj", "{1DC47AC2-7AB3-44C4-A6D2-82B3CB49D9C9}"
EndProject
Project("{9A19103F-16F7-4668-BE54-9A1E7A4F7556}") = "Observability", "Observability\Observability.csproj", "{5EBAB2A4-73F5-4DCB-8FFA-0CA013E77E4D}"
EndProject
Global
	GlobalSection(SolutionConfigurationPlatforms) = preSolution
		Debug|Any CPU = Debug|Any CPU
		Release|Any CPU = Release|Any CPU
	EndGlobalSection
	GlobalSection(ProjectConfigurationPlatforms) = postSolution
		{37801932-CF4F-4F5C-9BD8-8A2D8933087D}.Debug|Any CPU.ActiveCfg = Debug|Any CPU
		{37801932-CF4F-4F5C-9BD8-8A2D8933087D}.Debug|Any CPU.Build.0 = Debug|Any CPU
		{37801932-CF4F-4F5C-9BD8-8A2D8933087D}.Release|Any CPU.ActiveCfg = Release|Any CPU
		{37801932-CF4F-4F5C-9BD8-8A2D8933087D}.Release|Any CPU.Build.0 = Release|Any CPU
		{AA4A1A88-069C-42D6-9031-10824EF86E70}.Debug|Any CPU.ActiveCfg = Debug|Any CPU
		{AA4A1A88-069C-42D6-9031-10824EF86E70}.Debug|Any CPU.Build.0 = Debug|Any CPU
		{AA4A1A88-069C-42D6-9031-10824EF86E70}.Release|Any CPU.ActiveCfg = Release|Any CPU
		{AA4A1A88-069C-42D6-9031-10824EF86E70}.Release|Any CPU.Build.0 = Release|Any CPU
		{49D5B893-DAEF-474F-9543-C74F09E2F97D}.Debug|Any CPU.ActiveCfg = Debug|Any CPU
		{49D5B893-DAEF-474F-9543-C74F09E2F97D}.Debug|Any CPU.Build.0 = Debug|Any CPU
		{49D5B893-DAEF-474F-9543-C74F09E2F97D}.Release|Any CPU.ActiveCfg = Release|Any CPU
		{49D5B893-DAEF-474F-9543-C74F09E2F97D}.Release|Any CPU.Build.0 = Release|Any CPU
		{8A811FD6-E60A-41F6-93DC-7E4306AD4465}.Debug|Any CPU.ActiveCfg = Debug|Any CPU
		{8A811FD6-E60A-41F6-93DC-7E4306AD4465}.Debug|Any CPU.Build.0 = Debug|Any CPU
		{8A811FD6-E60A-41F6-93DC-7E4306AD4465}.Release|Any CPU.ActiveCfg = Release|Any CPU
		{8A811FD6-E60A-41F6-93DC-7E4306AD4465}.Release|Any CPU.Build.0 = Release|Any CPU
		{ECFC29AA-76CE-4D37-9D14-D5633EBB5372}.Debug|Any CPU.ActiveCfg = Debug|Any CPU
		{ECFC29AA-76CE-4D37-9D14-D5633EBB5372}.Debug|Any CPU.Build.0 = Debug|Any CPU
		{ECFC29AA-76CE-4D37-9D14-D5633EBB5372}.Release|Any CPU.ActiveCfg = Release|Any CPU
		{ECFC29AA-76CE-4D37-9D14-D5633EBB5372}.Release|Any CPU.Build.0 = Release|Any CPU
		{6BE2B5A2-419E-487C-BC19-89849F860329}.Debug|Any CPU.ActiveCfg = Debug|Any CPU
		{6BE2B5A2-419E-487C-BC19-89849F860329}.Debug|Any CPU.Build.0 = Debug|Any CPU
		{6BE2B5A2-419E-487C-BC19-89849F860329}.Release|Any CPU.ActiveCfg = Release|Any CPU
		{6BE2B5A2-419E-487C-BC19-89849F860329}.Release|Any CPU.Build.0 = Release|Any CPU
		{EAE59CD4-CA40-4949-9EF5-4AF71286E2A8}.Debug|Any CPU.ActiveCfg = Debug|Any CPU
		{EAE59CD4-CA40-4949-9EF5-4AF71286E2A8}.Debug|Any CPU.Build.0 = Debug|Any CPU
		{EAE59CD4-CA40-4949-9EF5-4AF71286E2A8}.Release|Any CPU.ActiveCfg = Release|Any CPU
		{EAE59CD4-CA40-4949-9EF5-4AF71286E2A8}.Release|Any CPU.Build.0 = Release|Any CPU
		{7076DA0E-EF84-47E2-B6DA-27228426747E}.Debug|Any CPU.ActiveCfg = Debug|Any CPU
		{7076DA0E-EF84-47E2-B6DA-27228426747E}.Debug|Any CPU.Build.0 = Debug|Any CPU
		{7076DA0E-EF84-47E2-B6DA-27228426747E}.Release|Any CPU.ActiveCfg = Release|Any CPU
		{7076DA0E-EF84-47E2-B6DA-27228426747E}.Release|Any CPU.Build.0 = Release|Any CPU
		{464A3F16-85E4-4DBE-AA7E-02EE0D056E3B}.Debug|Any CPU.ActiveCfg = Debug|Any CPU
		{464A3F16-85E4-4DBE-AA7E-02EE0D056E3B}.Debug|Any CPU.Build.0 = Debug|Any CPU
		{464A3F16-85E4-4DBE-AA7E-02EE0D056E3B}.Release|Any CPU.ActiveCfg = Release|Any CPU
		{464A3F16-85E4-4DBE-AA7E-02EE0D056E3B}.Release|Any CPU.Build.0 = Release|Any CPU
		{E6079D57-A857-4BF3-99F0-D6378B924838}.Debug|Any CPU.ActiveCfg = Debug|Any CPU
		{E6079D57-A857-4BF3-99F0-D6378B924838}.Debug|Any CPU.Build.0 = Debug|Any CPU
		{E6079D57-A857-4BF3-99F0-D6378B924838}.Release|Any CPU.ActiveCfg = Release|Any CPU
		{E6079D57-A857-4BF3-99F0-D6378B924838}.Release|Any CPU.Build.0 = Release|Any CPU
		{843B8C02-CCB1-4B8F-BEFB-6D968E5497B6}.Debug|Any CPU.ActiveCfg = Debug|Any CPU
		{843B8C02-CCB1-4B8F-BEFB-6D968E5497B6}.Debug|Any CPU.Build.0 = Debug|Any CPU
		{843B8C02-CCB1-4B8F-BEFB-6D968E5497B6}.Release|Any CPU.ActiveCfg = Release|Any CPU
		{843B8C02-CCB1-4B8F-BEFB-6D968E5497B6}.Release|Any CPU.Build.0 = Release|Any CPU
		{9B46AAE7-5E8A-4579-837E-618D59467CCD}.Debug|Any CPU.ActiveCfg = Debug|Any CPU
		{9B46AAE7-5E8A-4579-837E-618D59467CCD}.Debug|Any CPU.Build.0 = Debug|Any CPU
		{9B46AAE7-5E8A-4579-837E-618D59467CCD}.Release|Any CPU.ActiveCfg = Release|Any CPU
		{9B46AAE7-5E8A-4579-837E-618D59467CCD}.Release|Any CPU.Build.0 = Release|Any CPU
		{86F0A28C-E0A9-47B3-9133-B57E800928CB}.Debug|Any CPU.ActiveCfg = Debug|Any CPU
		{86F0A28C-E0A9-47B3-9133-B57E800928CB}.Debug|Any CPU.Build.0 = Debug|Any CPU
		{86F0A28C-E0A9-47B3-9133-B57E800928CB}.Release|Any CPU.ActiveCfg = Release|Any CPU
		{86F0A28C-E0A9-47B3-9133-B57E800928CB}.Release|Any CPU.Build.0 = Release|Any CPU
		{D56B35FE-2558-4760-9B6B-587E6C2E77DC}.Debug|Any CPU.ActiveCfg = Debug|Any CPU
		{D56B35FE-2558-4760-9B6B-587E6C2E77DC}.Debug|Any CPU.Build.0 = Debug|Any CPU
		{D56B35FE-2558-4760-9B6B-587E6C2E77DC}.Release|Any CPU.ActiveCfg = Release|Any CPU
		{D56B35FE-2558-4760-9B6B-587E6C2E77DC}.Release|Any CPU.Build.0 = Release|Any CPU
		{4E630962-7FA2-4E82-9644-AF1E684977A6}.Debug|Any CPU.ActiveCfg = Debug|Any CPU
		{4E630962-7FA2-4E82-9644-AF1E684977A6}.Debug|Any CPU.Build.0 = Debug|Any CPU
		{4E630962-7FA2-4E82-9644-AF1E684977A6}.Release|Any CPU.ActiveCfg = Release|Any CPU
		{4E630962-7FA2-4E82-9644-AF1E684977A6}.Release|Any CPU.Build.0 = Release|Any CPU
		{B9EA2D10-6444-43E0-A5AD-EB9DB8DAC94B}.Debug|Any CPU.ActiveCfg = Debug|Any CPU
		{B9EA2D10-6444-43E0-A5AD-EB9DB8DAC94B}.Debug|Any CPU.Build.0 = Debug|Any CPU
		{B9EA2D10-6444-43E0-A5AD-EB9DB8DAC94B}.Release|Any CPU.ActiveCfg = Release|Any CPU
		{B9EA2D10-6444-43E0-A5AD-EB9DB8DAC94B}.Release|Any CPU.Build.0 = Release|Any CPU
		{375028B3-AD93-4568-AFC2-E84516B800D0}.Debug|Any CPU.ActiveCfg = Debug|Any CPU
		{375028B3-AD93-4568-AFC2-E84516B800D0}.Debug|Any CPU.Build.0 = Debug|Any CPU
		{375028B3-AD93-4568-AFC2-E84516B800D0}.Release|Any CPU.ActiveCfg = Release|Any CPU
		{375028B3-AD93-4568-AFC2-E84516B800D0}.Release|Any CPU.Build.0 = Release|Any CPU
		{621578BC-D177-4E39-8BA8-6E39BB7ADEB1}.Debug|Any CPU.ActiveCfg = Debug|Any CPU
		{621578BC-D177-4E39-8BA8-6E39BB7ADEB1}.Debug|Any CPU.Build.0 = Debug|Any CPU
		{621578BC-D177-4E39-8BA8-6E39BB7ADEB1}.Release|Any CPU.ActiveCfg = Release|Any CPU
		{621578BC-D177-4E39-8BA8-6E39BB7ADEB1}.Release|Any CPU.Build.0 = Release|Any CPU
		{E83992DB-2260-4B8A-8B6D-59952C6D49DB}.Debug|Any CPU.ActiveCfg = Debug|Any CPU
		{E83992DB-2260-4B8A-8B6D-59952C6D49DB}.Debug|Any CPU.Build.0 = Debug|Any CPU
		{E83992DB-2260-4B8A-8B6D-59952C6D49DB}.Release|Any CPU.ActiveCfg = Release|Any CPU
		{E83992DB-2260-4B8A-8B6D-59952C6D49DB}.Release|Any CPU.Build.0 = Release|Any CPU
		{C90198D5-CD47-4308-BDBB-F08A8A33C252}.Debug|Any CPU.ActiveCfg = Debug|Any CPU
		{C90198D5-CD47-4308-BDBB-F08A8A33C252}.Debug|Any CPU.Build.0 = Debug|Any CPU
		{C90198D5-CD47-4308-BDBB-F08A8A33C252}.Release|Any CPU.ActiveCfg = Release|Any CPU
		{C90198D5-CD47-4308-BDBB-F08A8A33C252}.Release|Any CPU.Build.0 = Release|Any CPU
		{6D464A68-D504-414C-89FF-7196069B8644}.Debug|Any CPU.ActiveCfg = Debug|Any CPU
		{6D464A68-D504-414C-89FF-7196069B8644}.Debug|Any CPU.Build.0 = Debug|Any CPU
		{6D464A68-D504-414C-89FF-7196069B8644}.Release|Any CPU.ActiveCfg = Release|Any CPU
		{6D464A68-D504-414C-89FF-7196069B8644}.Release|Any CPU.Build.0 = Release|Any CPU
		{6104AAC7-9D47-4DFD-9850-627054F2AE29}.Debug|Any CPU.ActiveCfg = Debug|Any CPU
		{6104AAC7-9D47-4DFD-9850-627054F2AE29}.Debug|Any CPU.Build.0 = Debug|Any CPU
		{6104AAC7-9D47-4DFD-9850-627054F2AE29}.Release|Any CPU.ActiveCfg = Release|Any CPU
		{6104AAC7-9D47-4DFD-9850-627054F2AE29}.Release|Any CPU.Build.0 = Release|Any CPU
		{7C708A2B-F1EA-42AB-A6F2-79DD9038996A}.Debug|Any CPU.ActiveCfg = Debug|Any CPU
		{7C708A2B-F1EA-42AB-A6F2-79DD9038996A}.Debug|Any CPU.Build.0 = Debug|Any CPU
		{7C708A2B-F1EA-42AB-A6F2-79DD9038996A}.Release|Any CPU.ActiveCfg = Release|Any CPU
		{7C708A2B-F1EA-42AB-A6F2-79DD9038996A}.Release|Any CPU.Build.0 = Release|Any CPU
		{ADC9DA4B-5F49-4306-96A0-BDD5ACFC3AD4}.Debug|Any CPU.ActiveCfg = Debug|Any CPU
		{ADC9DA4B-5F49-4306-96A0-BDD5ACFC3AD4}.Debug|Any CPU.Build.0 = Debug|Any CPU
		{ADC9DA4B-5F49-4306-96A0-BDD5ACFC3AD4}.Release|Any CPU.ActiveCfg = Release|Any CPU
		{ADC9DA4B-5F49-4306-96A0-BDD5ACFC3AD4}.Release|Any CPU.Build.0 = Release|Any CPU
		{96655D20-AC65-4362-BA37-D6610FB6F229}.Debug|Any CPU.ActiveCfg = Debug|Any CPU
		{96655D20-AC65-4362-BA37-D6610FB6F229}.Debug|Any CPU.Build.0 = Debug|Any CPU
		{96655D20-AC65-4362-BA37-D6610FB6F229}.Release|Any CPU.ActiveCfg = Release|Any CPU
		{96655D20-AC65-4362-BA37-D6610FB6F229}.Release|Any CPU.Build.0 = Release|Any CPU
		{A422689C-B8E5-4097-94CF-5ABB30D2BBDD}.Debug|Any CPU.ActiveCfg = Debug|Any CPU
		{A422689C-B8E5-4097-94CF-5ABB30D2BBDD}.Debug|Any CPU.Build.0 = Debug|Any CPU
		{A422689C-B8E5-4097-94CF-5ABB30D2BBDD}.Release|Any CPU.ActiveCfg = Release|Any CPU
		{A422689C-B8E5-4097-94CF-5ABB30D2BBDD}.Release|Any CPU.Build.0 = Release|Any CPU
		{B6D24B5C-61CA-4A3D-8CEF-DF66697106A3}.Debug|Any CPU.ActiveCfg = Debug|Any CPU
		{B6D24B5C-61CA-4A3D-8CEF-DF66697106A3}.Debug|Any CPU.Build.0 = Debug|Any CPU
		{B6D24B5C-61CA-4A3D-8CEF-DF66697106A3}.Release|Any CPU.ActiveCfg = Release|Any CPU
		{B6D24B5C-61CA-4A3D-8CEF-DF66697106A3}.Release|Any CPU.Build.0 = Release|Any CPU
		{2F6E1230-3203-424C-B4AF-C294E57E2000}.Debug|Any CPU.ActiveCfg = Debug|Any CPU
		{2F6E1230-3203-424C-B4AF-C294E57E2000}.Debug|Any CPU.Build.0 = Debug|Any CPU
		{2F6E1230-3203-424C-B4AF-C294E57E2000}.Release|Any CPU.ActiveCfg = Release|Any CPU
		{2F6E1230-3203-424C-B4AF-C294E57E2000}.Release|Any CPU.Build.0 = Release|Any CPU
		{FD9B11FE-EFE0-457C-ADCC-C21BF41B5699}.Debug|Any CPU.ActiveCfg = Debug|Any CPU
		{FD9B11FE-EFE0-457C-ADCC-C21BF41B5699}.Debug|Any CPU.Build.0 = Debug|Any CPU
		{FD9B11FE-EFE0-457C-ADCC-C21BF41B5699}.Release|Any CPU.ActiveCfg = Release|Any CPU
		{FD9B11FE-EFE0-457C-ADCC-C21BF41B5699}.Release|Any CPU.Build.0 = Release|Any CPU
		{E9DDA36E-EBD7-4F17-8DA9-83A40E68A4D4}.Debug|Any CPU.ActiveCfg = Debug|Any CPU
		{E9DDA36E-EBD7-4F17-8DA9-83A40E68A4D4}.Debug|Any CPU.Build.0 = Debug|Any CPU
		{E9DDA36E-EBD7-4F17-8DA9-83A40E68A4D4}.Release|Any CPU.ActiveCfg = Release|Any CPU
		{E9DDA36E-EBD7-4F17-8DA9-83A40E68A4D4}.Release|Any CPU.Build.0 = Release|Any CPU
		{6195BA79-0F32-4A15-B429-29D392EE413D}.Debug|Any CPU.ActiveCfg = Debug|Any CPU
		{6195BA79-0F32-4A15-B429-29D392EE413D}.Debug|Any CPU.Build.0 = Debug|Any CPU
		{6195BA79-0F32-4A15-B429-29D392EE413D}.Release|Any CPU.ActiveCfg = Release|Any CPU
		{6195BA79-0F32-4A15-B429-29D392EE413D}.Release|Any CPU.Build.0 = Release|Any CPU
		{105FFEA7-68CB-4605-9FA2-8A22F932F95C}.Debug|Any CPU.ActiveCfg = Debug|Any CPU
		{105FFEA7-68CB-4605-9FA2-8A22F932F95C}.Debug|Any CPU.Build.0 = Debug|Any CPU
		{105FFEA7-68CB-4605-9FA2-8A22F932F95C}.Release|Any CPU.ActiveCfg = Release|Any CPU
		{105FFEA7-68CB-4605-9FA2-8A22F932F95C}.Release|Any CPU.Build.0 = Release|Any CPU
		{326A8B47-CD71-4085-B556-0699FCC051B5}.Debug|Any CPU.ActiveCfg = Debug|Any CPU
		{326A8B47-CD71-4085-B556-0699FCC051B5}.Debug|Any CPU.Build.0 = Debug|Any CPU
		{326A8B47-CD71-4085-B556-0699FCC051B5}.Release|Any CPU.ActiveCfg = Release|Any CPU
		{326A8B47-CD71-4085-B556-0699FCC051B5}.Release|Any CPU.Build.0 = Release|Any CPU
		{1DC47AC2-7AB3-44C4-A6D2-82B3CB49D9C9}.Debug|Any CPU.ActiveCfg = Debug|Any CPU
		{1DC47AC2-7AB3-44C4-A6D2-82B3CB49D9C9}.Debug|Any CPU.Build.0 = Debug|Any CPU
		{1DC47AC2-7AB3-44C4-A6D2-82B3CB49D9C9}.Release|Any CPU.ActiveCfg = Release|Any CPU
		{1DC47AC2-7AB3-44C4-A6D2-82B3CB49D9C9}.Release|Any CPU.Build.0 = Release|Any CPU
		{5EBAB2A4-73F5-4DCB-8FFA-0CA013E77E4D}.Debug|Any CPU.ActiveCfg = Debug|Any CPU
		{5EBAB2A4-73F5-4DCB-8FFA-0CA013E77E4D}.Debug|Any CPU.Build.0 = Debug|Any CPU
		{5EBAB2A4-73F5-4DCB-8FFA-0CA013E77E4D}.Release|Any CPU.ActiveCfg = Release|Any CPU
		{5EBAB2A4-73F5-4DCB-8FFA-0CA013E77E4D}.Release|Any CPU.Build.0 = Release|Any CPU
	EndGlobalSection
	GlobalSection(SolutionProperties) = preSolution
		HideSolutionNode = FALSE
	EndGlobalSection
	GlobalSection(NestedProjects) = preSolution
		{EE40EF95-6845-40C0-B685-7644A02AD8CE} = {95EC2367-B1A1-40F3-ACDE-F0207ACA5C36}
		{E6F90F36-E6CA-4757-8B90-79E78DA458F7} = {95EC2367-B1A1-40F3-ACDE-F0207ACA5C36}
		{EE480569-01FB-475B-A9CD-830C299B8536} = {95EC2367-B1A1-40F3-ACDE-F0207ACA5C36}
		{F382E1F6-F2A7-4712-AF9F-B1CAA10F806A} = {95EC2367-B1A1-40F3-ACDE-F0207ACA5C36}
		{5BBE97C7-2B9F-4F19-8DE0-3AFA34F39D16} = {95EC2367-B1A1-40F3-ACDE-F0207ACA5C36}
		{37801932-CF4F-4F5C-9BD8-8A2D8933087D} = {EE40EF95-6845-40C0-B685-7644A02AD8CE}
		{49D5B893-DAEF-474F-9543-C74F09E2F97D} = {EE40EF95-6845-40C0-B685-7644A02AD8CE}
		{8A811FD6-E60A-41F6-93DC-7E4306AD4465} = {EE40EF95-6845-40C0-B685-7644A02AD8CE}
		{ECFC29AA-76CE-4D37-9D14-D5633EBB5372} = {EE40EF95-6845-40C0-B685-7644A02AD8CE}
		{6BE2B5A2-419E-487C-BC19-89849F860329} = {EE480569-01FB-475B-A9CD-830C299B8536}
		{EAE59CD4-CA40-4949-9EF5-4AF71286E2A8} = {EE480569-01FB-475B-A9CD-830C299B8536}
		{7076DA0E-EF84-47E2-B6DA-27228426747E} = {EE480569-01FB-475B-A9CD-830C299B8536}
		{464A3F16-85E4-4DBE-AA7E-02EE0D056E3B} = {EE480569-01FB-475B-A9CD-830C299B8536}
		{E6079D57-A857-4BF3-99F0-D6378B924838} = {EE40EF95-6845-40C0-B685-7644A02AD8CE}
		{843B8C02-CCB1-4B8F-BEFB-6D968E5497B6} = {F382E1F6-F2A7-4712-AF9F-B1CAA10F806A}
		{9B46AAE7-5E8A-4579-837E-618D59467CCD} = {F382E1F6-F2A7-4712-AF9F-B1CAA10F806A}
		{86F0A28C-E0A9-47B3-9133-B57E800928CB} = {F382E1F6-F2A7-4712-AF9F-B1CAA10F806A}
		{D56B35FE-2558-4760-9B6B-587E6C2E77DC} = {F382E1F6-F2A7-4712-AF9F-B1CAA10F806A}
		{4E630962-7FA2-4E82-9644-AF1E684977A6} = {5BBE97C7-2B9F-4F19-8DE0-3AFA34F39D16}
		{B9EA2D10-6444-43E0-A5AD-EB9DB8DAC94B} = {5BBE97C7-2B9F-4F19-8DE0-3AFA34F39D16}
		{375028B3-AD93-4568-AFC2-E84516B800D0} = {5BBE97C7-2B9F-4F19-8DE0-3AFA34F39D16}
		{621578BC-D177-4E39-8BA8-6E39BB7ADEB1} = {5BBE97C7-2B9F-4F19-8DE0-3AFA34F39D16}
		{E83992DB-2260-4B8A-8B6D-59952C6D49DB} = {E6F90F36-E6CA-4757-8B90-79E78DA458F7}
		{C90198D5-CD47-4308-BDBB-F08A8A33C252} = {E6F90F36-E6CA-4757-8B90-79E78DA458F7}
		{6D464A68-D504-414C-89FF-7196069B8644} = {E6F90F36-E6CA-4757-8B90-79E78DA458F7}
		{6104AAC7-9D47-4DFD-9850-627054F2AE29} = {E6F90F36-E6CA-4757-8B90-79E78DA458F7}
		{7C708A2B-F1EA-42AB-A6F2-79DD9038996A} = {EE480569-01FB-475B-A9CD-830C299B8536}
		{ADC9DA4B-5F49-4306-96A0-BDD5ACFC3AD4} = {5BBE97C7-2B9F-4F19-8DE0-3AFA34F39D16}
		{96655D20-AC65-4362-BA37-D6610FB6F229} = {F382E1F6-F2A7-4712-AF9F-B1CAA10F806A}
		{A422689C-B8E5-4097-94CF-5ABB30D2BBDD} = {E6F90F36-E6CA-4757-8B90-79E78DA458F7}
		{B6D24B5C-61CA-4A3D-8CEF-DF66697106A3} = {CCCC0EC7-1934-4764-94AE-EC77AD55E2C5}
		{2F6E1230-3203-424C-B4AF-C294E57E2000} = {CCCC0EC7-1934-4764-94AE-EC77AD55E2C5}
		{BD193FB4-CF35-4B96-80F7-95C01737CB5D} = {95EC2367-B1A1-40F3-ACDE-F0207ACA5C36}
		{FD9B11FE-EFE0-457C-ADCC-C21BF41B5699} = {BD193FB4-CF35-4B96-80F7-95C01737CB5D}
		{E9DDA36E-EBD7-4F17-8DA9-83A40E68A4D4} = {BD193FB4-CF35-4B96-80F7-95C01737CB5D}
		{6195BA79-0F32-4A15-B429-29D392EE413D} = {BD193FB4-CF35-4B96-80F7-95C01737CB5D}
		{105FFEA7-68CB-4605-9FA2-8A22F932F95C} = {BD193FB4-CF35-4B96-80F7-95C01737CB5D}
		{326A8B47-CD71-4085-B556-0699FCC051B5} = {CCCC0EC7-1934-4764-94AE-EC77AD55E2C5}
		{1DC47AC2-7AB3-44C4-A6D2-82B3CB49D9C9} = {CCCC0EC7-1934-4764-94AE-EC77AD55E2C5}
		{5EBAB2A4-73F5-4DCB-8FFA-0CA013E77E4D} = {CCCC0EC7-1934-4764-94AE-EC77AD55E2C5}
	EndGlobalSection
	GlobalSection(ExtensibilityGlobals) = postSolution
		SolutionGuid = {B39AFC60-205C-4366-B08F-3AC25A779D0A}
	EndGlobalSection
EndGlobal
